
Microsoft Visual Studio Solution File, Format Version 12.00
# Visual Studio Version 17
VisualStudioVersion = 17.11.35327.3
MinimumVisualStudioVersion = 10.0.40219.1
Project("{9A19103F-16F7-4668-BE54-9A1E7A4F7556}") = "Ex.01", "ex01\Ex.01.csproj", "{D3BB50CB-B152-48A4-8C22-61CC41B756F5}"
EndProject
Project("{9A19103F-16F7-4668-BE54-9A1E7A4F7556}") = "ex.02", "ex.02\ex.02.csproj", "{7CB30DA1-F599-425E-935B-235A5E6B9F1B}"
EndProject
Project("{9A19103F-16F7-4668-BE54-9A1E7A4F7556}") = "ex.03", "ex.03\ex.03.csproj", "{FBC2FD7F-8DFA-49A8-975E-F25471A9A35E}"
EndProject
Project("{9A19103F-16F7-4668-BE54-9A1E7A4F7556}") = "Ex.04", "Ex.04\Ex.04.csproj", "{A547ECD3-3A99-4D6E-B27E-603EF2023962}"
EndProject
Project("{9A19103F-16F7-4668-BE54-9A1E7A4F7556}") = "Ex.05", "Ex.05\Ex.05.csproj", "{53F19543-CC86-4693-8384-8203DBE85E84}"
EndProject
Project("{9A19103F-16F7-4668-BE54-9A1E7A4F7556}") = "Ex.06", "Ex.06\Ex.06.csproj", "{B4AA5337-6903-4963-BC9A-51F99A21D665}"
EndProject
Project("{9A19103F-16F7-4668-BE54-9A1E7A4F7556}") = "Ex.07", "Ex.07\Ex.07.csproj", "{4DD0AC0E-6F54-4BAD-9803-6F34054B627B}"
EndProject
Project("{9A19103F-16F7-4668-BE54-9A1E7A4F7556}") = "Ex.08", "Ex.08\Ex.08.csproj", "{88A3C071-1FA8-4ECC-B1E5-AF95547B3AF7}"
EndProject
Project("{9A19103F-16F7-4668-BE54-9A1E7A4F7556}") = "Ex.9", "Ex.9\Ex.9.csproj", "{94CA8444-F83B-4ED6-8C96-AD2A74B4BF4B}"
EndProject
Project("{9A19103F-16F7-4668-BE54-9A1E7A4F7556}") = "Ex.10", "Ex.10\Ex.10.csproj", "{06F5199D-F872-4663-A29A-52C78767E7C8}"
EndProject
Project("{9A19103F-16F7-4668-BE54-9A1E7A4F7556}") = "Ex.11", "Ex.11\Ex.11.csproj", "{2CD5413A-A575-4657-9D01-9C3F7B301378}"
EndProject
Project("{9A19103F-16F7-4668-BE54-9A1E7A4F7556}") = "Ex.12", "Ex.12\Ex.12.csproj", "{D8154AAC-DEFD-4AA0-9107-CEC7C26D8879}"
EndProject
Project("{9A19103F-16F7-4668-BE54-9A1E7A4F7556}") = "Ex.13", "Ex.13\Ex.13.csproj", "{4FB094C0-B917-45DC-80AB-83BB8971340C}"
EndProject
Project("{9A19103F-16F7-4668-BE54-9A1E7A4F7556}") = "Ex.14", "Ex.14\Ex.14.csproj", "{2BCE2CCC-D898-4655-8ECF-DE2454E92C7A}"
EndProject
Project("{9A19103F-16F7-4668-BE54-9A1E7A4F7556}") = "Ex.15", "Ex.15\Ex.15.csproj", "{97890812-14B9-4E9B-8DDD-9E2A3599CD53}"
EndProject
Project("{9A19103F-16F7-4668-BE54-9A1E7A4F7556}") = "Ex.16", "Ex.16\Ex.16.csproj", "{0586875D-4D84-48E9-AC2E-4AA4DBD31972}"
EndProject
Project("{9A19103F-16F7-4668-BE54-9A1E7A4F7556}") = "Ex.17", "Ex.17\Ex.17.csproj", "{3D46A736-E396-48B7-9C99-9DF2DAC10985}"
EndProject
Project("{9A19103F-16F7-4668-BE54-9A1E7A4F7556}") = "Ex.18", "Ex.18\Ex.18.csproj", "{E34CA0C3-1A9F-4C19-8820-129C44D2774E}"
EndProject
Project("{9A19103F-16F7-4668-BE54-9A1E7A4F7556}") = "Ex.19", "Ex.19\Ex.19.csproj", "{EE433FE0-661F-44A9-B9C0-A115C953931D}"
EndProject
Project("{9A19103F-16F7-4668-BE54-9A1E7A4F7556}") = "Ex.20", "Ex.20\Ex.20.csproj", "{62A9F548-85AF-4B5A-BBC6-830A110267D4}"
EndProject
Project("{9A19103F-16F7-4668-BE54-9A1E7A4F7556}") = "Ex.21", "Ex.21\Ex.21.csproj", "{8D64E4AE-FFE3-4486-BDA8-212504872526}"
EndProject
Project("{9A19103F-16F7-4668-BE54-9A1E7A4F7556}") = "Ex.22", "Ex.22\Ex.22.csproj", "{C5D34685-0B42-4BCB-86CA-A91927EC005B}"
EndProject
Project("{9A19103F-16F7-4668-BE54-9A1E7A4F7556}") = "Ex.23", "Ex.23\Ex.23.csproj", "{8F3DE48B-6EDC-45D5-8971-2F7289A7DEB9}"
EndProject
Project("{9A19103F-16F7-4668-BE54-9A1E7A4F7556}") = "Ex.24", "Ex.24\Ex.24.csproj", "{0E29EC46-0DC8-4AA9-9FFF-EE925BD469BE}"
EndProject
Project("{9A19103F-16F7-4668-BE54-9A1E7A4F7556}") = "Ex.25", "Ex.25\Ex.25.csproj", "{B8D507A5-AFA1-410D-A8AA-735FFE5E4001}"
EndProject
Project("{9A19103F-16F7-4668-BE54-9A1E7A4F7556}") = "Ex.26", "Ex.26\Ex.26.csproj", "{3038570E-3541-4E60-BB1B-ACAF1236697E}"
EndProject
Project("{9A19103F-16F7-4668-BE54-9A1E7A4F7556}") = "Ex.27", "Ex.27\Ex.27.csproj", "{B91FFF9A-CD5C-4497-8A6E-265FB61E9856}"
EndProject
Project("{9A19103F-16F7-4668-BE54-9A1E7A4F7556}") = "Ex.28", "Ex.28\Ex.28.csproj", "{BE46AD8B-33B8-49F3-890B-D82794AB8A49}"
EndProject
Project("{9A19103F-16F7-4668-BE54-9A1E7A4F7556}") = "Ex.29", "Ex.29\Ex.29.csproj", "{88454A4A-4F88-4739-B120-687502061763}"
EndProject
Project("{FAE04EC0-301F-11D3-BF4B-00C04F79EFBC}") = "desafio01", "desafio01\desafio01.csproj", "{398A9BED-404F-4A2D-97F9-618B2DDA0824}"
EndProject
Project("{FAE04EC0-301F-11D3-BF4B-00C04F79EFBC}") = "desafio02", "desafio02\desafio02.csproj", "{31C84577-008A-4D30-A0F1-75D390E77A39}"
EndProject
Project("{FAE04EC0-301F-11D3-BF4B-00C04F79EFBC}") = "desafio03", "desafio03\desafio03.csproj", "{BD4F0990-7085-44B0-923F-9EA426118E6D}"
EndProject
Project("{FAE04EC0-301F-11D3-BF4B-00C04F79EFBC}") = "desafio04", "desafio04\desafio04.csproj", "{4E4EB077-08D5-45D0-B076-D5B75120E800}"
EndProject
Global
	GlobalSection(SolutionConfigurationPlatforms) = preSolution
		Debug|Any CPU = Debug|Any CPU
		Release|Any CPU = Release|Any CPU
	EndGlobalSection
	GlobalSection(ProjectConfigurationPlatforms) = postSolution
		{D3BB50CB-B152-48A4-8C22-61CC41B756F5}.Debug|Any CPU.ActiveCfg = Debug|Any CPU
		{D3BB50CB-B152-48A4-8C22-61CC41B756F5}.Debug|Any CPU.Build.0 = Debug|Any CPU
		{D3BB50CB-B152-48A4-8C22-61CC41B756F5}.Release|Any CPU.ActiveCfg = Release|Any CPU
		{D3BB50CB-B152-48A4-8C22-61CC41B756F5}.Release|Any CPU.Build.0 = Release|Any CPU
		{7CB30DA1-F599-425E-935B-235A5E6B9F1B}.Debug|Any CPU.ActiveCfg = Debug|Any CPU
		{7CB30DA1-F599-425E-935B-235A5E6B9F1B}.Debug|Any CPU.Build.0 = Debug|Any CPU
		{7CB30DA1-F599-425E-935B-235A5E6B9F1B}.Release|Any CPU.ActiveCfg = Release|Any CPU
		{7CB30DA1-F599-425E-935B-235A5E6B9F1B}.Release|Any CPU.Build.0 = Release|Any CPU
		{FBC2FD7F-8DFA-49A8-975E-F25471A9A35E}.Debug|Any CPU.ActiveCfg = Debug|Any CPU
		{FBC2FD7F-8DFA-49A8-975E-F25471A9A35E}.Debug|Any CPU.Build.0 = Debug|Any CPU
		{FBC2FD7F-8DFA-49A8-975E-F25471A9A35E}.Release|Any CPU.ActiveCfg = Release|Any CPU
		{FBC2FD7F-8DFA-49A8-975E-F25471A9A35E}.Release|Any CPU.Build.0 = Release|Any CPU
		{A547ECD3-3A99-4D6E-B27E-603EF2023962}.Debug|Any CPU.ActiveCfg = Debug|Any CPU
		{A547ECD3-3A99-4D6E-B27E-603EF2023962}.Debug|Any CPU.Build.0 = Debug|Any CPU
		{A547ECD3-3A99-4D6E-B27E-603EF2023962}.Release|Any CPU.ActiveCfg = Release|Any CPU
		{A547ECD3-3A99-4D6E-B27E-603EF2023962}.Release|Any CPU.Build.0 = Release|Any CPU
		{53F19543-CC86-4693-8384-8203DBE85E84}.Debug|Any CPU.ActiveCfg = Debug|Any CPU
		{53F19543-CC86-4693-8384-8203DBE85E84}.Debug|Any CPU.Build.0 = Debug|Any CPU
		{53F19543-CC86-4693-8384-8203DBE85E84}.Release|Any CPU.ActiveCfg = Release|Any CPU
		{53F19543-CC86-4693-8384-8203DBE85E84}.Release|Any CPU.Build.0 = Release|Any CPU
		{B4AA5337-6903-4963-BC9A-51F99A21D665}.Debug|Any CPU.ActiveCfg = Debug|Any CPU
		{B4AA5337-6903-4963-BC9A-51F99A21D665}.Debug|Any CPU.Build.0 = Debug|Any CPU
		{B4AA5337-6903-4963-BC9A-51F99A21D665}.Release|Any CPU.ActiveCfg = Release|Any CPU
		{B4AA5337-6903-4963-BC9A-51F99A21D665}.Release|Any CPU.Build.0 = Release|Any CPU
		{4DD0AC0E-6F54-4BAD-9803-6F34054B627B}.Debug|Any CPU.ActiveCfg = Debug|Any CPU
		{4DD0AC0E-6F54-4BAD-9803-6F34054B627B}.Debug|Any CPU.Build.0 = Debug|Any CPU
		{4DD0AC0E-6F54-4BAD-9803-6F34054B627B}.Release|Any CPU.ActiveCfg = Release|Any CPU
		{4DD0AC0E-6F54-4BAD-9803-6F34054B627B}.Release|Any CPU.Build.0 = Release|Any CPU
		{88A3C071-1FA8-4ECC-B1E5-AF95547B3AF7}.Debug|Any CPU.ActiveCfg = Debug|Any CPU
		{88A3C071-1FA8-4ECC-B1E5-AF95547B3AF7}.Debug|Any CPU.Build.0 = Debug|Any CPU
		{88A3C071-1FA8-4ECC-B1E5-AF95547B3AF7}.Release|Any CPU.ActiveCfg = Release|Any CPU
		{88A3C071-1FA8-4ECC-B1E5-AF95547B3AF7}.Release|Any CPU.Build.0 = Release|Any CPU
		{94CA8444-F83B-4ED6-8C96-AD2A74B4BF4B}.Debug|Any CPU.ActiveCfg = Debug|Any CPU
		{94CA8444-F83B-4ED6-8C96-AD2A74B4BF4B}.Debug|Any CPU.Build.0 = Debug|Any CPU
		{94CA8444-F83B-4ED6-8C96-AD2A74B4BF4B}.Release|Any CPU.ActiveCfg = Release|Any CPU
		{94CA8444-F83B-4ED6-8C96-AD2A74B4BF4B}.Release|Any CPU.Build.0 = Release|Any CPU
		{06F5199D-F872-4663-A29A-52C78767E7C8}.Debug|Any CPU.ActiveCfg = Debug|Any CPU
		{06F5199D-F872-4663-A29A-52C78767E7C8}.Debug|Any CPU.Build.0 = Debug|Any CPU
		{06F5199D-F872-4663-A29A-52C78767E7C8}.Release|Any CPU.ActiveCfg = Release|Any CPU
		{06F5199D-F872-4663-A29A-52C78767E7C8}.Release|Any CPU.Build.0 = Release|Any CPU
		{2CD5413A-A575-4657-9D01-9C3F7B301378}.Debug|Any CPU.ActiveCfg = Debug|Any CPU
		{2CD5413A-A575-4657-9D01-9C3F7B301378}.Debug|Any CPU.Build.0 = Debug|Any CPU
		{2CD5413A-A575-4657-9D01-9C3F7B301378}.Release|Any CPU.ActiveCfg = Release|Any CPU
		{2CD5413A-A575-4657-9D01-9C3F7B301378}.Release|Any CPU.Build.0 = Release|Any CPU
		{D8154AAC-DEFD-4AA0-9107-CEC7C26D8879}.Debug|Any CPU.ActiveCfg = Debug|Any CPU
		{D8154AAC-DEFD-4AA0-9107-CEC7C26D8879}.Debug|Any CPU.Build.0 = Debug|Any CPU
		{D8154AAC-DEFD-4AA0-9107-CEC7C26D8879}.Release|Any CPU.ActiveCfg = Release|Any CPU
		{D8154AAC-DEFD-4AA0-9107-CEC7C26D8879}.Release|Any CPU.Build.0 = Release|Any CPU
		{4FB094C0-B917-45DC-80AB-83BB8971340C}.Debug|Any CPU.ActiveCfg = Debug|Any CPU
		{4FB094C0-B917-45DC-80AB-83BB8971340C}.Debug|Any CPU.Build.0 = Debug|Any CPU
		{4FB094C0-B917-45DC-80AB-83BB8971340C}.Release|Any CPU.ActiveCfg = Release|Any CPU
		{4FB094C0-B917-45DC-80AB-83BB8971340C}.Release|Any CPU.Build.0 = Release|Any CPU
		{2BCE2CCC-D898-4655-8ECF-DE2454E92C7A}.Debug|Any CPU.ActiveCfg = Debug|Any CPU
		{2BCE2CCC-D898-4655-8ECF-DE2454E92C7A}.Debug|Any CPU.Build.0 = Debug|Any CPU
		{2BCE2CCC-D898-4655-8ECF-DE2454E92C7A}.Release|Any CPU.ActiveCfg = Release|Any CPU
		{2BCE2CCC-D898-4655-8ECF-DE2454E92C7A}.Release|Any CPU.Build.0 = Release|Any CPU
		{97890812-14B9-4E9B-8DDD-9E2A3599CD53}.Debug|Any CPU.ActiveCfg = Debug|Any CPU
		{97890812-14B9-4E9B-8DDD-9E2A3599CD53}.Debug|Any CPU.Build.0 = Debug|Any CPU
		{97890812-14B9-4E9B-8DDD-9E2A3599CD53}.Release|Any CPU.ActiveCfg = Release|Any CPU
		{97890812-14B9-4E9B-8DDD-9E2A3599CD53}.Release|Any CPU.Build.0 = Release|Any CPU
		{0586875D-4D84-48E9-AC2E-4AA4DBD31972}.Debug|Any CPU.ActiveCfg = Debug|Any CPU
		{0586875D-4D84-48E9-AC2E-4AA4DBD31972}.Debug|Any CPU.Build.0 = Debug|Any CPU
		{0586875D-4D84-48E9-AC2E-4AA4DBD31972}.Release|Any CPU.ActiveCfg = Release|Any CPU
		{0586875D-4D84-48E9-AC2E-4AA4DBD31972}.Release|Any CPU.Build.0 = Release|Any CPU
		{3D46A736-E396-48B7-9C99-9DF2DAC10985}.Debug|Any CPU.ActiveCfg = Debug|Any CPU
		{3D46A736-E396-48B7-9C99-9DF2DAC10985}.Debug|Any CPU.Build.0 = Debug|Any CPU
		{3D46A736-E396-48B7-9C99-9DF2DAC10985}.Release|Any CPU.ActiveCfg = Release|Any CPU
		{3D46A736-E396-48B7-9C99-9DF2DAC10985}.Release|Any CPU.Build.0 = Release|Any CPU
		{E34CA0C3-1A9F-4C19-8820-129C44D2774E}.Debug|Any CPU.ActiveCfg = Debug|Any CPU
		{E34CA0C3-1A9F-4C19-8820-129C44D2774E}.Debug|Any CPU.Build.0 = Debug|Any CPU
		{E34CA0C3-1A9F-4C19-8820-129C44D2774E}.Release|Any CPU.ActiveCfg = Release|Any CPU
		{E34CA0C3-1A9F-4C19-8820-129C44D2774E}.Release|Any CPU.Build.0 = Release|Any CPU
		{EE433FE0-661F-44A9-B9C0-A115C953931D}.Debug|Any CPU.ActiveCfg = Debug|Any CPU
		{EE433FE0-661F-44A9-B9C0-A115C953931D}.Debug|Any CPU.Build.0 = Debug|Any CPU
		{EE433FE0-661F-44A9-B9C0-A115C953931D}.Release|Any CPU.ActiveCfg = Release|Any CPU
		{EE433FE0-661F-44A9-B9C0-A115C953931D}.Release|Any CPU.Build.0 = Release|Any CPU
		{62A9F548-85AF-4B5A-BBC6-830A110267D4}.Debug|Any CPU.ActiveCfg = Debug|Any CPU
		{62A9F548-85AF-4B5A-BBC6-830A110267D4}.Debug|Any CPU.Build.0 = Debug|Any CPU
		{62A9F548-85AF-4B5A-BBC6-830A110267D4}.Release|Any CPU.ActiveCfg = Release|Any CPU
		{62A9F548-85AF-4B5A-BBC6-830A110267D4}.Release|Any CPU.Build.0 = Release|Any CPU
		{8D64E4AE-FFE3-4486-BDA8-212504872526}.Debug|Any CPU.ActiveCfg = Debug|Any CPU
		{8D64E4AE-FFE3-4486-BDA8-212504872526}.Debug|Any CPU.Build.0 = Debug|Any CPU
		{8D64E4AE-FFE3-4486-BDA8-212504872526}.Release|Any CPU.ActiveCfg = Release|Any CPU
		{8D64E4AE-FFE3-4486-BDA8-212504872526}.Release|Any CPU.Build.0 = Release|Any CPU
		{C5D34685-0B42-4BCB-86CA-A91927EC005B}.Debug|Any CPU.ActiveCfg = Debug|Any CPU
		{C5D34685-0B42-4BCB-86CA-A91927EC005B}.Debug|Any CPU.Build.0 = Debug|Any CPU
		{C5D34685-0B42-4BCB-86CA-A91927EC005B}.Release|Any CPU.ActiveCfg = Release|Any CPU
		{C5D34685-0B42-4BCB-86CA-A91927EC005B}.Release|Any CPU.Build.0 = Release|Any CPU
		{8F3DE48B-6EDC-45D5-8971-2F7289A7DEB9}.Debug|Any CPU.ActiveCfg = Debug|Any CPU
		{8F3DE48B-6EDC-45D5-8971-2F7289A7DEB9}.Debug|Any CPU.Build.0 = Debug|Any CPU
		{8F3DE48B-6EDC-45D5-8971-2F7289A7DEB9}.Release|Any CPU.ActiveCfg = Release|Any CPU
		{8F3DE48B-6EDC-45D5-8971-2F7289A7DEB9}.Release|Any CPU.Build.0 = Release|Any CPU
		{0E29EC46-0DC8-4AA9-9FFF-EE925BD469BE}.Debug|Any CPU.ActiveCfg = Debug|Any CPU
		{0E29EC46-0DC8-4AA9-9FFF-EE925BD469BE}.Debug|Any CPU.Build.0 = Debug|Any CPU
		{0E29EC46-0DC8-4AA9-9FFF-EE925BD469BE}.Release|Any CPU.ActiveCfg = Release|Any CPU
		{0E29EC46-0DC8-4AA9-9FFF-EE925BD469BE}.Release|Any CPU.Build.0 = Release|Any CPU
		{B8D507A5-AFA1-410D-A8AA-735FFE5E4001}.Debug|Any CPU.ActiveCfg = Debug|Any CPU
		{B8D507A5-AFA1-410D-A8AA-735FFE5E4001}.Debug|Any CPU.Build.0 = Debug|Any CPU
		{B8D507A5-AFA1-410D-A8AA-735FFE5E4001}.Release|Any CPU.ActiveCfg = Release|Any CPU
		{B8D507A5-AFA1-410D-A8AA-735FFE5E4001}.Release|Any CPU.Build.0 = Release|Any CPU
		{3038570E-3541-4E60-BB1B-ACAF1236697E}.Debug|Any CPU.ActiveCfg = Debug|Any CPU
		{3038570E-3541-4E60-BB1B-ACAF1236697E}.Debug|Any CPU.Build.0 = Debug|Any CPU
		{3038570E-3541-4E60-BB1B-ACAF1236697E}.Release|Any CPU.ActiveCfg = Release|Any CPU
		{3038570E-3541-4E60-BB1B-ACAF1236697E}.Release|Any CPU.Build.0 = Release|Any CPU
		{B91FFF9A-CD5C-4497-8A6E-265FB61E9856}.Debug|Any CPU.ActiveCfg = Debug|Any CPU
		{B91FFF9A-CD5C-4497-8A6E-265FB61E9856}.Debug|Any CPU.Build.0 = Debug|Any CPU
		{B91FFF9A-CD5C-4497-8A6E-265FB61E9856}.Release|Any CPU.ActiveCfg = Release|Any CPU
		{B91FFF9A-CD5C-4497-8A6E-265FB61E9856}.Release|Any CPU.Build.0 = Release|Any CPU
		{BE46AD8B-33B8-49F3-890B-D82794AB8A49}.Debug|Any CPU.ActiveCfg = Debug|Any CPU
		{BE46AD8B-33B8-49F3-890B-D82794AB8A49}.Debug|Any CPU.Build.0 = Debug|Any CPU
		{BE46AD8B-33B8-49F3-890B-D82794AB8A49}.Release|Any CPU.ActiveCfg = Release|Any CPU
		{BE46AD8B-33B8-49F3-890B-D82794AB8A49}.Release|Any CPU.Build.0 = Release|Any CPU
		{88454A4A-4F88-4739-B120-687502061763}.Debug|Any CPU.ActiveCfg = Debug|Any CPU
		{88454A4A-4F88-4739-B120-687502061763}.Debug|Any CPU.Build.0 = Debug|Any CPU
		{88454A4A-4F88-4739-B120-687502061763}.Release|Any CPU.ActiveCfg = Release|Any CPU
		{88454A4A-4F88-4739-B120-687502061763}.Release|Any CPU.Build.0 = Release|Any CPU
		{398A9BED-404F-4A2D-97F9-618B2DDA0824}.Debug|Any CPU.ActiveCfg = Debug|Any CPU
		{398A9BED-404F-4A2D-97F9-618B2DDA0824}.Debug|Any CPU.Build.0 = Debug|Any CPU
		{398A9BED-404F-4A2D-97F9-618B2DDA0824}.Release|Any CPU.ActiveCfg = Release|Any CPU
		{398A9BED-404F-4A2D-97F9-618B2DDA0824}.Release|Any CPU.Build.0 = Release|Any CPU
		{31C84577-008A-4D30-A0F1-75D390E77A39}.Debug|Any CPU.ActiveCfg = Debug|Any CPU
		{31C84577-008A-4D30-A0F1-75D390E77A39}.Debug|Any CPU.Build.0 = Debug|Any CPU
		{31C84577-008A-4D30-A0F1-75D390E77A39}.Release|Any CPU.ActiveCfg = Release|Any CPU
		{31C84577-008A-4D30-A0F1-75D390E77A39}.Release|Any CPU.Build.0 = Release|Any CPU
		{BD4F0990-7085-44B0-923F-9EA426118E6D}.Debug|Any CPU.ActiveCfg = Debug|Any CPU
		{BD4F0990-7085-44B0-923F-9EA426118E6D}.Debug|Any CPU.Build.0 = Debug|Any CPU
		{BD4F0990-7085-44B0-923F-9EA426118E6D}.Release|Any CPU.ActiveCfg = Release|Any CPU
		{BD4F0990-7085-44B0-923F-9EA426118E6D}.Release|Any CPU.Build.0 = Release|Any CPU
		{4E4EB077-08D5-45D0-B076-D5B75120E800}.Debug|Any CPU.ActiveCfg = Debug|Any CPU
		{4E4EB077-08D5-45D0-B076-D5B75120E800}.Debug|Any CPU.Build.0 = Debug|Any CPU
		{4E4EB077-08D5-45D0-B076-D5B75120E800}.Release|Any CPU.ActiveCfg = Release|Any CPU
		{4E4EB077-08D5-45D0-B076-D5B75120E800}.Release|Any CPU.Build.0 = Release|Any CPU
	EndGlobalSection
	GlobalSection(SolutionProperties) = preSolution
		HideSolutionNode = FALSE
	EndGlobalSection
	GlobalSection(ExtensibilityGlobals) = postSolution
		SolutionGuid = {C363AAB7-65B8-43AB-8115-A4D2A0980EE6}
	EndGlobalSection
EndGlobal
