
Microsoft Visual Studio Solution File, Format Version 12.00
# Visual Studio Version 17
VisualStudioVersion = 17.11.35327.3
MinimumVisualStudioVersion = 10.0.40219.1
Project("{9A19103F-16F7-4668-BE54-9A1E7A4F7556}") = "ex01", "ex01\ex01.csproj", "{D3BB50CB-B152-48A4-8C22-61CC41B756F5}"
EndProject
Project("{9A19103F-16F7-4668-BE54-9A1E7A4F7556}") = "ex.02", "ex.02\ex.02.csproj", "{7CB30DA1-F599-425E-935B-235A5E6B9F1B}"
EndProject
Project("{9A19103F-16F7-4668-BE54-9A1E7A4F7556}") = "ex.03", "ex.03\ex.03.csproj", "{FBC2FD7F-8DFA-49A8-975E-F25471A9A35E}"
EndProject
Project("{9A19103F-16F7-4668-BE54-9A1E7A4F7556}") = "Ex.04", "Ex.04\Ex.04.csproj", "{A547ECD3-3A99-4D6E-B27E-603EF2023962}"
EndProject
Project("{9A19103F-16F7-4668-BE54-9A1E7A4F7556}") = "Ex.05", "Ex.05\Ex.05.csproj", "{53F19543-CC86-4693-8384-8203DBE85E84}"
EndProject
Project("{9A19103F-16F7-4668-BE54-9A1E7A4F7556}") = "Ex.06", "Ex.06\Ex.06.csproj", "{B4AA5337-6903-4963-BC9A-51F99A21D665}"
EndProject
Project("{9A19103F-16F7-4668-BE54-9A1E7A4F7556}") = "Ex.07", "Ex.07\Ex.07.csproj", "{4DD0AC0E-6F54-4BAD-9803-6F34054B627B}"
EndProject
Project("{9A19103F-16F7-4668-BE54-9A1E7A4F7556}") = "Ex.08", "Ex.08\Ex.08.csproj", "{88A3C071-1FA8-4ECC-B1E5-AF95547B3AF7}"
EndProject
Project("{FAE04EC0-301F-11D3-BF4B-00C04F79EFBC}") = "Ex.9", "Ex.9\Ex.9.csproj", "{94CA8444-F83B-4ED6-8C96-AD2A74B4BF4B}"
EndProject
Global
	GlobalSection(SolutionConfigurationPlatforms) = preSolution
		Debug|Any CPU = Debug|Any CPU
		Release|Any CPU = Release|Any CPU
	EndGlobalSection
	GlobalSection(ProjectConfigurationPlatforms) = postSolution
		{D3BB50CB-B152-48A4-8C22-61CC41B756F5}.Debug|Any CPU.ActiveCfg = Debug|Any CPU
		{D3BB50CB-B152-48A4-8C22-61CC41B756F5}.Debug|Any CPU.Build.0 = Debug|Any CPU
		{D3BB50CB-B152-48A4-8C22-61CC41B756F5}.Release|Any CPU.ActiveCfg = Release|Any CPU
		{D3BB50CB-B152-48A4-8C22-61CC41B756F5}.Release|Any CPU.Build.0 = Release|Any CPU
		{7CB30DA1-F599-425E-935B-235A5E6B9F1B}.Debug|Any CPU.ActiveCfg = Debug|Any CPU
		{7CB30DA1-F599-425E-935B-235A5E6B9F1B}.Debug|Any CPU.Build.0 = Debug|Any CPU
		{7CB30DA1-F599-425E-935B-235A5E6B9F1B}.Release|Any CPU.ActiveCfg = Release|Any CPU
		{7CB30DA1-F599-425E-935B-235A5E6B9F1B}.Release|Any CPU.Build.0 = Release|Any CPU
		{FBC2FD7F-8DFA-49A8-975E-F25471A9A35E}.Debug|Any CPU.ActiveCfg = Debug|Any CPU
		{FBC2FD7F-8DFA-49A8-975E-F25471A9A35E}.Debug|Any CPU.Build.0 = Debug|Any CPU
		{FBC2FD7F-8DFA-49A8-975E-F25471A9A35E}.Release|Any CPU.ActiveCfg = Release|Any CPU
		{FBC2FD7F-8DFA-49A8-975E-F25471A9A35E}.Release|Any CPU.Build.0 = Release|Any CPU
		{A547ECD3-3A99-4D6E-B27E-603EF2023962}.Debug|Any CPU.ActiveCfg = Debug|Any CPU
		{A547ECD3-3A99-4D6E-B27E-603EF2023962}.Debug|Any CPU.Build.0 = Debug|Any CPU
		{A547ECD3-3A99-4D6E-B27E-603EF2023962}.Release|Any CPU.ActiveCfg = Release|Any CPU
		{A547ECD3-3A99-4D6E-B27E-603EF2023962}.Release|Any CPU.Build.0 = Release|Any CPU
		{53F19543-CC86-4693-8384-8203DBE85E84}.Debug|Any CPU.ActiveCfg = Debug|Any CPU
		{53F19543-CC86-4693-8384-8203DBE85E84}.Debug|Any CPU.Build.0 = Debug|Any CPU
		{53F19543-CC86-4693-8384-8203DBE85E84}.Release|Any CPU.ActiveCfg = Release|Any CPU
		{53F19543-CC86-4693-8384-8203DBE85E84}.Release|Any CPU.Build.0 = Release|Any CPU
		{B4AA5337-6903-4963-BC9A-51F99A21D665}.Debug|Any CPU.ActiveCfg = Debug|Any CPU
		{B4AA5337-6903-4963-BC9A-51F99A21D665}.Debug|Any CPU.Build.0 = Debug|Any CPU
		{B4AA5337-6903-4963-BC9A-51F99A21D665}.Release|Any CPU.ActiveCfg = Release|Any CPU
		{B4AA5337-6903-4963-BC9A-51F99A21D665}.Release|Any CPU.Build.0 = Release|Any CPU
		{4DD0AC0E-6F54-4BAD-9803-6F34054B627B}.Debug|Any CPU.ActiveCfg = Debug|Any CPU
		{4DD0AC0E-6F54-4BAD-9803-6F34054B627B}.Debug|Any CPU.Build.0 = Debug|Any CPU
		{4DD0AC0E-6F54-4BAD-9803-6F34054B627B}.Release|Any CPU.ActiveCfg = Release|Any CPU
		{4DD0AC0E-6F54-4BAD-9803-6F34054B627B}.Release|Any CPU.Build.0 = Release|Any CPU
		{88A3C071-1FA8-4ECC-B1E5-AF95547B3AF7}.Debug|Any CPU.ActiveCfg = Debug|Any CPU
		{88A3C071-1FA8-4ECC-B1E5-AF95547B3AF7}.Debug|Any CPU.Build.0 = Debug|Any CPU
		{88A3C071-1FA8-4ECC-B1E5-AF95547B3AF7}.Release|Any CPU.ActiveCfg = Release|Any CPU
		{88A3C071-1FA8-4ECC-B1E5-AF95547B3AF7}.Release|Any CPU.Build.0 = Release|Any CPU
		{94CA8444-F83B-4ED6-8C96-AD2A74B4BF4B}.Debug|Any CPU.ActiveCfg = Debug|Any CPU
		{94CA8444-F83B-4ED6-8C96-AD2A74B4BF4B}.Debug|Any CPU.Build.0 = Debug|Any CPU
		{94CA8444-F83B-4ED6-8C96-AD2A74B4BF4B}.Release|Any CPU.ActiveCfg = Release|Any CPU
		{94CA8444-F83B-4ED6-8C96-AD2A74B4BF4B}.Release|Any CPU.Build.0 = Release|Any CPU
	EndGlobalSection
	GlobalSection(SolutionProperties) = preSolution
		HideSolutionNode = FALSE
	EndGlobalSection
	GlobalSection(ExtensibilityGlobals) = postSolution
		SolutionGuid = {C363AAB7-65B8-43AB-8115-A4D2A0980EE6}
	EndGlobalSection
EndGlobal
